
Microsoft Visual Studio Solution File, Format Version 12.00
# Visual Studio 15
VisualStudioVersion = 15.0.27004.2010
MinimumVisualStudioVersion = 10.0.40219.1
Project("{8BC9CEB8-8B4A-11D0-8D11-00A0C91BC942}") = "lolhack", "lolhack.vcxproj", "{8C405169-3517-4A9C-BA93-3073426D66AD}"
EndProject
Project("{8BC9CEB8-8B4A-11D0-8D11-00A0C91BC942}") = "lolinject", "lolinject\lolinject\lolinject.vcxproj", "{3505BB3C-D4C0-4D5F-A503-BBEE4B3C26DC}"
EndProject
Global
	GlobalSection(SolutionConfigurationPlatforms) = preSolution
		Debug|x64 = Debug|x64
		Debug|x86 = Debug|x86
		Release|x64 = Release|x64
		Release|x86 = Release|x86
	EndGlobalSection
	GlobalSection(ProjectConfigurationPlatforms) = postSolution
		{8C405169-3517-4A9C-BA93-3073426D66AD}.Debug|x64.ActiveCfg = Debug|x64
		{8C405169-3517-4A9C-BA93-3073426D66AD}.Debug|x64.Build.0 = Debug|x64
		{8C405169-3517-4A9C-BA93-3073426D66AD}.Debug|x86.ActiveCfg = Debug|Win32
		{8C405169-3517-4A9C-BA93-3073426D66AD}.Debug|x86.Build.0 = Debug|Win32
		{8C405169-3517-4A9C-BA93-3073426D66AD}.Release|x64.ActiveCfg = Release|x64
		{8C405169-3517-4A9C-BA93-3073426D66AD}.Release|x64.Build.0 = Release|x64
		{8C405169-3517-4A9C-BA93-3073426D66AD}.Release|x86.ActiveCfg = Release|Win32
		{8C405169-3517-4A9C-BA93-3073426D66AD}.Release|x86.Build.0 = Release|Win32
		{3505BB3C-D4C0-4D5F-A503-BBEE4B3C26DC}.Debug|x64.ActiveCfg = Debug|x64
		{3505BB3C-D4C0-4D5F-A503-BBEE4B3C26DC}.Debug|x64.Build.0 = Debug|x64
		{3505BB3C-D4C0-4D5F-A503-BBEE4B3C26DC}.Debug|x86.ActiveCfg = Debug|Win32
		{3505BB3C-D4C0-4D5F-A503-BBEE4B3C26DC}.Debug|x86.Build.0 = Debug|Win32
		{3505BB3C-D4C0-4D5F-A503-BBEE4B3C26DC}.Release|x64.ActiveCfg = Release|x64
		{3505BB3C-D4C0-4D5F-A503-BBEE4B3C26DC}.Release|x64.Build.0 = Release|x64
		{3505BB3C-D4C0-4D5F-A503-BBEE4B3C26DC}.Release|x86.ActiveCfg = Release|Win32
		{3505BB3C-D4C0-4D5F-A503-BBEE4B3C26DC}.Release|x86.Build.0 = Release|Win32
	EndGlobalSection
	GlobalSection(SolutionProperties) = preSolution
		HideSolutionNode = FALSE
	EndGlobalSection
	GlobalSection(ExtensibilityGlobals) = postSolution
		SolutionGuid = {C0A41470-201B-4BDA-8708-352325B8BAAF}
	EndGlobalSection
EndGlobal
